
Microsoft Visual Studio Solution File, Format Version 12.00
# Visual Studio Version 17
VisualStudioVersion = 17.5.002.0
MinimumVisualStudioVersion = 10.0.40219.1
Project("{9A19103F-16F7-4668-BE54-9A1E7A4F7556}") = "TrilhaApiDesafio", "TrilhaApiDesafio.csproj", "{A12D51D5-296F-448D-B9DD-08DE371D0361}"
EndProject
Global
	GlobalSection(SolutionConfigurationPlatforms) = preSolution
		Debug|Any CPU = Debug|Any CPU
		Release|Any CPU = Release|Any CPU
	EndGlobalSection
	GlobalSection(ProjectConfigurationPlatforms) = postSolution
		{A12D51D5-296F-448D-B9DD-08DE371D0361}.Debug|Any CPU.ActiveCfg = Debug|Any CPU
		{A12D51D5-296F-448D-B9DD-08DE371D0361}.Debug|Any CPU.Build.0 = Debug|Any CPU
		{A12D51D5-296F-448D-B9DD-08DE371D0361}.Release|Any CPU.ActiveCfg = Release|Any CPU
		{A12D51D5-296F-448D-B9DD-08DE371D0361}.Release|Any CPU.Build.0 = Release|Any CPU
	EndGlobalSection
	GlobalSection(SolutionProperties) = preSolution
		HideSolutionNode = FALSE
	EndGlobalSection
	GlobalSection(ExtensibilityGlobals) = postSolution
		SolutionGuid = {8094820B-00A8-4E5F-9E0A-4BD565411F64}
	EndGlobalSection
EndGlobal
